
Microsoft Visual Studio Solution File, Format Version 12.00
# Visual Studio Version 17
VisualStudioVersion = 17.6.33815.320
MinimumVisualStudioVersion = 10.0.40219.1
Project("{FAE04EC0-301F-11D3-BF4B-00C04F79EFBC}") = "SaveKids.Domain", "SaveKids.Domain\SaveKids.Domain.csproj", "{7256BC20-3BBD-4FE1-BD6E-8309648D8E04}"
EndProject
Project("{FAE04EC0-301F-11D3-BF4B-00C04F79EFBC}") = "SaveKids.DAL", "SaveKids.DAL\SaveKids.DAL.csproj", "{E4B8B868-BD8F-40DF-AE7B-F3E43C86CE6D}"
EndProject
Project("{FAE04EC0-301F-11D3-BF4B-00C04F79EFBC}") = "SaveKids.WebApi", "SaveKids.WebApi\SaveKids.WebApi.csproj", "{F26E76A7-4B76-4A7A-B717-2077267A48DC}"
EndProject
Global
	GlobalSection(SolutionConfigurationPlatforms) = preSolution
		Debug|Any CPU = Debug|Any CPU
		Release|Any CPU = Release|Any CPU
	EndGlobalSection
	GlobalSection(ProjectConfigurationPlatforms) = postSolution
		{7256BC20-3BBD-4FE1-BD6E-8309648D8E04}.Debug|Any CPU.ActiveCfg = Debug|Any CPU
		{7256BC20-3BBD-4FE1-BD6E-8309648D8E04}.Debug|Any CPU.Build.0 = Debug|Any CPU
		{7256BC20-3BBD-4FE1-BD6E-8309648D8E04}.Release|Any CPU.ActiveCfg = Release|Any CPU
		{7256BC20-3BBD-4FE1-BD6E-8309648D8E04}.Release|Any CPU.Build.0 = Release|Any CPU
		{E4B8B868-BD8F-40DF-AE7B-F3E43C86CE6D}.Debug|Any CPU.ActiveCfg = Debug|Any CPU
		{E4B8B868-BD8F-40DF-AE7B-F3E43C86CE6D}.Debug|Any CPU.Build.0 = Debug|Any CPU
		{E4B8B868-BD8F-40DF-AE7B-F3E43C86CE6D}.Release|Any CPU.ActiveCfg = Release|Any CPU
		{E4B8B868-BD8F-40DF-AE7B-F3E43C86CE6D}.Release|Any CPU.Build.0 = Release|Any CPU
		{F26E76A7-4B76-4A7A-B717-2077267A48DC}.Debug|Any CPU.ActiveCfg = Debug|Any CPU
		{F26E76A7-4B76-4A7A-B717-2077267A48DC}.Debug|Any CPU.Build.0 = Debug|Any CPU
		{F26E76A7-4B76-4A7A-B717-2077267A48DC}.Release|Any CPU.ActiveCfg = Release|Any CPU
		{F26E76A7-4B76-4A7A-B717-2077267A48DC}.Release|Any CPU.Build.0 = Release|Any CPU
	EndGlobalSection
	GlobalSection(SolutionProperties) = preSolution
		HideSolutionNode = FALSE
	EndGlobalSection
	GlobalSection(ExtensibilityGlobals) = postSolution
		SolutionGuid = {AC9C8717-D269-4F87-976F-2A3F5414CDEA}
	EndGlobalSection
EndGlobal
